{
  "originHash" : "deaf54eee9fd84909533d347e1a78e95f132786c564b503e7437ef16c9710d6d",
  "pins" : [
    {
      "identity" : "swift-argument-parser",
      "kind" : "remoteSourceControl",
      "location" : "https://github.com/apple/swift-argument-parser.git",
      "state" : {
        "revision" : "c5d11a805e765f52ba34ec7284bd4fcd6ba68615",
        "version" : "1.7.0"
      }
    },
    {
      "identity" : "swift-bart-g2p",
      "kind" : "remoteSourceControl",
      "location" : "https://github.com/Jud/swift-bart-g2p.git",
      "state" : {
        "revision" : "66ec6ccd29e4499ab911a9ade5198e634619715a",
        "version" : "0.1.0"
      }
    }
  ],
  "version" : 3
}
